
Microsoft Visual Studio Solution File, Format Version 11.00
# Visual Studio 2010
Project("{FAE04EC0-301F-11D3-BF4B-00C04F79EFBC}") = "Ta7lilProject", "Ta7lilProject\Ta7lilProject.csproj", "{13E110A3-BFE6-4C7E-8080-072384C4F24C}"
EndProject
Global
	GlobalSection(SolutionConfigurationPlatforms) = preSolution
		Debug|x86 = Debug|x86
		Release|x86 = Release|x86
	EndGlobalSection
	GlobalSection(ProjectConfigurationPlatforms) = postSolution
		{13E110A3-BFE6-4C7E-8080-072384C4F24C}.Debug|x86.ActiveCfg = Debug|x86
		{13E110A3-BFE6-4C7E-8080-072384C4F24C}.Debug|x86.Build.0 = Debug|x86
		{13E110A3-BFE6-4C7E-8080-072384C4F24C}.Release|x86.ActiveCfg = Release|x86
		{13E110A3-BFE6-4C7E-8080-072384C4F24C}.Release|x86.Build.0 = Release|x86
	EndGlobalSection
	GlobalSection(SolutionProperties) = preSolution
		HideSolutionNode = FALSE
	EndGlobalSection
EndGlobal
